{
  "name": "YouTube-CLI",
  "lockfileVersion": 3,
  "requires": true,
  "packages": {
    "": {
      "dependencies": {
        "adguard": "^0.0.0"
      }
    },
    "node_modules/adguard": {
      "version": "0.0.0",
      "resolved": "https://registry.npmjs.org/adguard/-/adguard-0.0.0.tgz",
      "integrity": "sha512-hs8LP9K3WqvMppJjoA1WS80wxGqwNwwltcmuY3Q83NFa3IR2ehpxRjoYAYmVu+okH7BbRbVwn6buramUqqF3aw=="
    }
  }
}
